
Microsoft Visual Studio Solution File, Format Version 12.00
# Visual Studio Version 17
VisualStudioVersion = 17.12.35527.113
MinimumVisualStudioVersion = 10.0.40219.1
Project("{B7DD6F7E-DEF8-4E67-B5B7-07EF123DB6F0}") = "Installer", "Installer\Installer.wixproj", "{B11F9F30-721A-4D3B-9EBA-A3FBA97CC13E}"
EndProject
Project("{8BC9CEB8-8B4A-11D0-8D11-00A0C91BC942}") = "BonusFFB", "BonusFFB\BonusFFB.vcxproj", "{50B44180-46B1-47C4-B3EC-704C86CA008F}"
EndProject
Global
	GlobalSection(SolutionConfigurationPlatforms) = preSolution
		Debug|ARM64 = Debug|ARM64
		Debug|x64 = Debug|x64
		Debug|x86 = Debug|x86
		Release|ARM64 = Release|ARM64
		Release|x64 = Release|x64
		Release|x86 = Release|x86
	EndGlobalSection
	GlobalSection(ProjectConfigurationPlatforms) = postSolution
		{B11F9F30-721A-4D3B-9EBA-A3FBA97CC13E}.Debug|ARM64.ActiveCfg = Debug|ARM64
		{B11F9F30-721A-4D3B-9EBA-A3FBA97CC13E}.Debug|ARM64.Build.0 = Debug|ARM64
		{B11F9F30-721A-4D3B-9EBA-A3FBA97CC13E}.Debug|x64.ActiveCfg = Debug|x64
		{B11F9F30-721A-4D3B-9EBA-A3FBA97CC13E}.Debug|x64.Build.0 = Debug|x64
		{B11F9F30-721A-4D3B-9EBA-A3FBA97CC13E}.Debug|x86.ActiveCfg = Debug|x86
		{B11F9F30-721A-4D3B-9EBA-A3FBA97CC13E}.Debug|x86.Build.0 = Debug|x86
		{B11F9F30-721A-4D3B-9EBA-A3FBA97CC13E}.Release|ARM64.ActiveCfg = Release|ARM64
		{B11F9F30-721A-4D3B-9EBA-A3FBA97CC13E}.Release|ARM64.Build.0 = Release|ARM64
		{B11F9F30-721A-4D3B-9EBA-A3FBA97CC13E}.Release|x64.ActiveCfg = Release|x64
		{B11F9F30-721A-4D3B-9EBA-A3FBA97CC13E}.Release|x64.Build.0 = Release|x64
		{B11F9F30-721A-4D3B-9EBA-A3FBA97CC13E}.Release|x86.ActiveCfg = Release|x86
		{B11F9F30-721A-4D3B-9EBA-A3FBA97CC13E}.Release|x86.Build.0 = Release|x86
		{50B44180-46B1-47C4-B3EC-704C86CA008F}.Debug|ARM64.ActiveCfg = Debug|x64
		{50B44180-46B1-47C4-B3EC-704C86CA008F}.Debug|ARM64.Build.0 = Debug|x64
		{50B44180-46B1-47C4-B3EC-704C86CA008F}.Debug|x64.ActiveCfg = Debug|x64
		{50B44180-46B1-47C4-B3EC-704C86CA008F}.Debug|x64.Build.0 = Debug|x64
		{50B44180-46B1-47C4-B3EC-704C86CA008F}.Debug|x86.ActiveCfg = Debug|x64
		{50B44180-46B1-47C4-B3EC-704C86CA008F}.Debug|x86.Build.0 = Debug|x64
		{50B44180-46B1-47C4-B3EC-704C86CA008F}.Release|ARM64.ActiveCfg = Release|x64
		{50B44180-46B1-47C4-B3EC-704C86CA008F}.Release|ARM64.Build.0 = Release|x64
		{50B44180-46B1-47C4-B3EC-704C86CA008F}.Release|x64.ActiveCfg = Release|x64
		{50B44180-46B1-47C4-B3EC-704C86CA008F}.Release|x64.Build.0 = Release|x64
		{50B44180-46B1-47C4-B3EC-704C86CA008F}.Release|x86.ActiveCfg = Release|x64
		{50B44180-46B1-47C4-B3EC-704C86CA008F}.Release|x86.Build.0 = Release|x64
	EndGlobalSection
	GlobalSection(SolutionProperties) = preSolution
		HideSolutionNode = FALSE
	EndGlobalSection
EndGlobal
